
Microsoft Visual Studio Solution File, Format Version 12.00
# Visual Studio Version 17
VisualStudioVersion = 17.13.35825.156
MinimumVisualStudioVersion = 10.0.40219.1
Project("{8BC9CEB8-8B4A-11D0-8D11-00A0C91BC942}") = "Class01th", "Algorithm\Algorithm.vcxproj", "{558590B7-7D1D-48BB-931E-59B2465F0719}"
EndProject
Project("{8BC9CEB8-8B4A-11D0-8D11-00A0C91BC942}") = "Class02th", "Class02th\Class02th.vcxproj", "{83620AC4-8295-4DE2-B0A9-A55DFD386CE4}"
EndProject
Project("{8BC9CEB8-8B4A-11D0-8D11-00A0C91BC942}") = "Class03th", "Class03th\Class03th.vcxproj", "{91782AA5-51E0-42B1-AE44-29DF961A1CAF}"
EndProject
Project("{8BC9CEB8-8B4A-11D0-8D11-00A0C91BC942}") = "Class04th", "Class04th\Class04th.vcxproj", "{FE0D340B-95F2-4BE2-BAFB-8560C12DEF0B}"
EndProject
Project("{8BC9CEB8-8B4A-11D0-8D11-00A0C91BC942}") = "Class05th", "Class05th\Class05th.vcxproj", "{843DBD16-7B0C-471A-A414-78E192BDE44D}"
EndProject
Project("{8BC9CEB8-8B4A-11D0-8D11-00A0C91BC942}") = "Class06th", "Class06th\Class06th.vcxproj", "{E15E27EF-D2F0-4433-A555-FE9F697917ED}"
EndProject
Project("{8BC9CEB8-8B4A-11D0-8D11-00A0C91BC942}") = "Class07th", "Class07th\Class07th.vcxproj", "{E6D035AB-709C-4E20-A4DA-990265077549}"
EndProject
Project("{8BC9CEB8-8B4A-11D0-8D11-00A0C91BC942}") = "Class08th", "Class08th\Class08th.vcxproj", "{D88E86D3-72C7-4C0C-92A4-85E938C00804}"
EndProject
Project("{8BC9CEB8-8B4A-11D0-8D11-00A0C91BC942}") = "Class09th", "Class09th\Class09th.vcxproj", "{8201B413-7199-4A24-97DB-B2360D51FB76}"
EndProject
Project("{8BC9CEB8-8B4A-11D0-8D11-00A0C91BC942}") = "Class10th", "Class10th\Class10th.vcxproj", "{D8A5DE19-CEBA-4795-8896-6994B94E802B}"
EndProject
Project("{8BC9CEB8-8B4A-11D0-8D11-00A0C91BC942}") = "Class11th", "Class11th\Class11th.vcxproj", "{2E9B27E6-B5E6-4A67-8FF4-E54B33B4D0F2}"
EndProject
Project("{8BC9CEB8-8B4A-11D0-8D11-00A0C91BC942}") = "Class12th", "Class12th\Class12th.vcxproj", "{B87E353A-B30B-4F33-9356-FF93FE7ED0D5}"
EndProject
Project("{8BC9CEB8-8B4A-11D0-8D11-00A0C91BC942}") = "Class13th", "Class13th\Class13th.vcxproj", "{FFB78E3F-669E-4325-9455-7B6909C767CA}"
EndProject
Project("{8BC9CEB8-8B4A-11D0-8D11-00A0C91BC942}") = "Class14th", "Class14th\Class14th.vcxproj", "{F4AEDFA7-E684-4644-A768-FC2883440040}"
EndProject
Project("{8BC9CEB8-8B4A-11D0-8D11-00A0C91BC942}") = "Class15th", "Class15th\Class15th.vcxproj", "{DE359A77-91D2-4E4F-B182-64101353F3FE}"
EndProject
Project("{8BC9CEB8-8B4A-11D0-8D11-00A0C91BC942}") = "Class16th", "Class16th\Class16th.vcxproj", "{78241642-FA4F-477D-AC41-A113074DFD73}"
EndProject
Project("{8BC9CEB8-8B4A-11D0-8D11-00A0C91BC942}") = "Class17th", "Class17th\Class17th.vcxproj", "{9630CF9D-EAD0-4002-BFD0-FA51C9E09EA5}"
EndProject
Project("{8BC9CEB8-8B4A-11D0-8D11-00A0C91BC942}") = "Class18th", "Class18th\Class18th.vcxproj", "{614F89A3-9D44-4EFF-B56F-85222EB9A7FD}"
EndProject
Global
	GlobalSection(SolutionConfigurationPlatforms) = preSolution
		Debug|x64 = Debug|x64
		Debug|x86 = Debug|x86
		Release|x64 = Release|x64
		Release|x86 = Release|x86
	EndGlobalSection
	GlobalSection(ProjectConfigurationPlatforms) = postSolution
		{558590B7-7D1D-48BB-931E-59B2465F0719}.Debug|x64.ActiveCfg = Debug|x64
		{558590B7-7D1D-48BB-931E-59B2465F0719}.Debug|x64.Build.0 = Debug|x64
		{558590B7-7D1D-48BB-931E-59B2465F0719}.Debug|x86.ActiveCfg = Debug|Win32
		{558590B7-7D1D-48BB-931E-59B2465F0719}.Debug|x86.Build.0 = Debug|Win32
		{558590B7-7D1D-48BB-931E-59B2465F0719}.Release|x64.ActiveCfg = Release|x64
		{558590B7-7D1D-48BB-931E-59B2465F0719}.Release|x64.Build.0 = Release|x64
		{558590B7-7D1D-48BB-931E-59B2465F0719}.Release|x86.ActiveCfg = Release|Win32
		{558590B7-7D1D-48BB-931E-59B2465F0719}.Release|x86.Build.0 = Release|Win32
		{83620AC4-8295-4DE2-B0A9-A55DFD386CE4}.Debug|x64.ActiveCfg = Debug|x64
		{83620AC4-8295-4DE2-B0A9-A55DFD386CE4}.Debug|x64.Build.0 = Debug|x64
		{83620AC4-8295-4DE2-B0A9-A55DFD386CE4}.Debug|x86.ActiveCfg = Debug|Win32
		{83620AC4-8295-4DE2-B0A9-A55DFD386CE4}.Debug|x86.Build.0 = Debug|Win32
		{83620AC4-8295-4DE2-B0A9-A55DFD386CE4}.Release|x64.ActiveCfg = Release|x64
		{83620AC4-8295-4DE2-B0A9-A55DFD386CE4}.Release|x64.Build.0 = Release|x64
		{83620AC4-8295-4DE2-B0A9-A55DFD386CE4}.Release|x86.ActiveCfg = Release|Win32
		{83620AC4-8295-4DE2-B0A9-A55DFD386CE4}.Release|x86.Build.0 = Release|Win32
		{91782AA5-51E0-42B1-AE44-29DF961A1CAF}.Debug|x64.ActiveCfg = Debug|x64
		{91782AA5-51E0-42B1-AE44-29DF961A1CAF}.Debug|x64.Build.0 = Debug|x64
		{91782AA5-51E0-42B1-AE44-29DF961A1CAF}.Debug|x86.ActiveCfg = Debug|Win32
		{91782AA5-51E0-42B1-AE44-29DF961A1CAF}.Debug|x86.Build.0 = Debug|Win32
		{91782AA5-51E0-42B1-AE44-29DF961A1CAF}.Release|x64.ActiveCfg = Release|x64
		{91782AA5-51E0-42B1-AE44-29DF961A1CAF}.Release|x64.Build.0 = Release|x64
		{91782AA5-51E0-42B1-AE44-29DF961A1CAF}.Release|x86.ActiveCfg = Release|Win32
		{91782AA5-51E0-42B1-AE44-29DF961A1CAF}.Release|x86.Build.0 = Release|Win32
		{FE0D340B-95F2-4BE2-BAFB-8560C12DEF0B}.Debug|x64.ActiveCfg = Debug|x64
		{FE0D340B-95F2-4BE2-BAFB-8560C12DEF0B}.Debug|x64.Build.0 = Debug|x64
		{FE0D340B-95F2-4BE2-BAFB-8560C12DEF0B}.Debug|x86.ActiveCfg = Debug|Win32
		{FE0D340B-95F2-4BE2-BAFB-8560C12DEF0B}.Debug|x86.Build.0 = Debug|Win32
		{FE0D340B-95F2-4BE2-BAFB-8560C12DEF0B}.Release|x64.ActiveCfg = Release|x64
		{FE0D340B-95F2-4BE2-BAFB-8560C12DEF0B}.Release|x64.Build.0 = Release|x64
		{FE0D340B-95F2-4BE2-BAFB-8560C12DEF0B}.Release|x86.ActiveCfg = Release|Win32
		{FE0D340B-95F2-4BE2-BAFB-8560C12DEF0B}.Release|x86.Build.0 = Release|Win32
		{843DBD16-7B0C-471A-A414-78E192BDE44D}.Debug|x64.ActiveCfg = Debug|x64
		{843DBD16-7B0C-471A-A414-78E192BDE44D}.Debug|x64.Build.0 = Debug|x64
		{843DBD16-7B0C-471A-A414-78E192BDE44D}.Debug|x86.ActiveCfg = Debug|Win32
		{843DBD16-7B0C-471A-A414-78E192BDE44D}.Debug|x86.Build.0 = Debug|Win32
		{843DBD16-7B0C-471A-A414-78E192BDE44D}.Release|x64.ActiveCfg = Release|x64
		{843DBD16-7B0C-471A-A414-78E192BDE44D}.Release|x64.Build.0 = Release|x64
		{843DBD16-7B0C-471A-A414-78E192BDE44D}.Release|x86.ActiveCfg = Release|Win32
		{843DBD16-7B0C-471A-A414-78E192BDE44D}.Release|x86.Build.0 = Release|Win32
		{E15E27EF-D2F0-4433-A555-FE9F697917ED}.Debug|x64.ActiveCfg = Debug|x64
		{E15E27EF-D2F0-4433-A555-FE9F697917ED}.Debug|x64.Build.0 = Debug|x64
		{E15E27EF-D2F0-4433-A555-FE9F697917ED}.Debug|x86.ActiveCfg = Debug|Win32
		{E15E27EF-D2F0-4433-A555-FE9F697917ED}.Debug|x86.Build.0 = Debug|Win32
		{E15E27EF-D2F0-4433-A555-FE9F697917ED}.Release|x64.ActiveCfg = Release|x64
		{E15E27EF-D2F0-4433-A555-FE9F697917ED}.Release|x64.Build.0 = Release|x64
		{E15E27EF-D2F0-4433-A555-FE9F697917ED}.Release|x86.ActiveCfg = Release|Win32
		{E15E27EF-D2F0-4433-A555-FE9F697917ED}.Release|x86.Build.0 = Release|Win32
		{E6D035AB-709C-4E20-A4DA-990265077549}.Debug|x64.ActiveCfg = Debug|x64
		{E6D035AB-709C-4E20-A4DA-990265077549}.Debug|x64.Build.0 = Debug|x64
		{E6D035AB-709C-4E20-A4DA-990265077549}.Debug|x86.ActiveCfg = Debug|Win32
		{E6D035AB-709C-4E20-A4DA-990265077549}.Debug|x86.Build.0 = Debug|Win32
		{E6D035AB-709C-4E20-A4DA-990265077549}.Release|x64.ActiveCfg = Release|x64
		{E6D035AB-709C-4E20-A4DA-990265077549}.Release|x64.Build.0 = Release|x64
		{E6D035AB-709C-4E20-A4DA-990265077549}.Release|x86.ActiveCfg = Release|Win32
		{E6D035AB-709C-4E20-A4DA-990265077549}.Release|x86.Build.0 = Release|Win32
		{D88E86D3-72C7-4C0C-92A4-85E938C00804}.Debug|x64.ActiveCfg = Debug|x64
		{D88E86D3-72C7-4C0C-92A4-85E938C00804}.Debug|x64.Build.0 = Debug|x64
		{D88E86D3-72C7-4C0C-92A4-85E938C00804}.Debug|x86.ActiveCfg = Debug|Win32
		{D88E86D3-72C7-4C0C-92A4-85E938C00804}.Debug|x86.Build.0 = Debug|Win32
		{D88E86D3-72C7-4C0C-92A4-85E938C00804}.Release|x64.ActiveCfg = Release|x64
		{D88E86D3-72C7-4C0C-92A4-85E938C00804}.Release|x64.Build.0 = Release|x64
		{D88E86D3-72C7-4C0C-92A4-85E938C00804}.Release|x86.ActiveCfg = Release|Win32
		{D88E86D3-72C7-4C0C-92A4-85E938C00804}.Release|x86.Build.0 = Release|Win32
		{8201B413-7199-4A24-97DB-B2360D51FB76}.Debug|x64.ActiveCfg = Debug|x64
		{8201B413-7199-4A24-97DB-B2360D51FB76}.Debug|x64.Build.0 = Debug|x64
		{8201B413-7199-4A24-97DB-B2360D51FB76}.Debug|x86.ActiveCfg = Debug|Win32
		{8201B413-7199-4A24-97DB-B2360D51FB76}.Debug|x86.Build.0 = Debug|Win32
		{8201B413-7199-4A24-97DB-B2360D51FB76}.Release|x64.ActiveCfg = Release|x64
		{8201B413-7199-4A24-97DB-B2360D51FB76}.Release|x64.Build.0 = Release|x64
		{8201B413-7199-4A24-97DB-B2360D51FB76}.Release|x86.ActiveCfg = Release|Win32
		{8201B413-7199-4A24-97DB-B2360D51FB76}.Release|x86.Build.0 = Release|Win32
		{D8A5DE19-CEBA-4795-8896-6994B94E802B}.Debug|x64.ActiveCfg = Debug|x64
		{D8A5DE19-CEBA-4795-8896-6994B94E802B}.Debug|x64.Build.0 = Debug|x64
		{D8A5DE19-CEBA-4795-8896-6994B94E802B}.Debug|x86.ActiveCfg = Debug|Win32
		{D8A5DE19-CEBA-4795-8896-6994B94E802B}.Debug|x86.Build.0 = Debug|Win32
		{D8A5DE19-CEBA-4795-8896-6994B94E802B}.Release|x64.ActiveCfg = Release|x64
		{D8A5DE19-CEBA-4795-8896-6994B94E802B}.Release|x64.Build.0 = Release|x64
		{D8A5DE19-CEBA-4795-8896-6994B94E802B}.Release|x86.ActiveCfg = Release|Win32
		{D8A5DE19-CEBA-4795-8896-6994B94E802B}.Release|x86.Build.0 = Release|Win32
		{2E9B27E6-B5E6-4A67-8FF4-E54B33B4D0F2}.Debug|x64.ActiveCfg = Debug|x64
		{2E9B27E6-B5E6-4A67-8FF4-E54B33B4D0F2}.Debug|x64.Build.0 = Debug|x64
		{2E9B27E6-B5E6-4A67-8FF4-E54B33B4D0F2}.Debug|x86.ActiveCfg = Debug|Win32
		{2E9B27E6-B5E6-4A67-8FF4-E54B33B4D0F2}.Debug|x86.Build.0 = Debug|Win32
		{2E9B27E6-B5E6-4A67-8FF4-E54B33B4D0F2}.Release|x64.ActiveCfg = Release|x64
		{2E9B27E6-B5E6-4A67-8FF4-E54B33B4D0F2}.Release|x64.Build.0 = Release|x64
		{2E9B27E6-B5E6-4A67-8FF4-E54B33B4D0F2}.Release|x86.ActiveCfg = Release|Win32
		{2E9B27E6-B5E6-4A67-8FF4-E54B33B4D0F2}.Release|x86.Build.0 = Release|Win32
		{B87E353A-B30B-4F33-9356-FF93FE7ED0D5}.Debug|x64.ActiveCfg = Debug|x64
		{B87E353A-B30B-4F33-9356-FF93FE7ED0D5}.Debug|x64.Build.0 = Debug|x64
		{B87E353A-B30B-4F33-9356-FF93FE7ED0D5}.Debug|x86.ActiveCfg = Debug|Win32
		{B87E353A-B30B-4F33-9356-FF93FE7ED0D5}.Debug|x86.Build.0 = Debug|Win32
		{B87E353A-B30B-4F33-9356-FF93FE7ED0D5}.Release|x64.ActiveCfg = Release|x64
		{B87E353A-B30B-4F33-9356-FF93FE7ED0D5}.Release|x64.Build.0 = Release|x64
		{B87E353A-B30B-4F33-9356-FF93FE7ED0D5}.Release|x86.ActiveCfg = Release|Win32
		{B87E353A-B30B-4F33-9356-FF93FE7ED0D5}.Release|x86.Build.0 = Release|Win32
		{FFB78E3F-669E-4325-9455-7B6909C767CA}.Debug|x64.ActiveCfg = Debug|x64
		{FFB78E3F-669E-4325-9455-7B6909C767CA}.Debug|x64.Build.0 = Debug|x64
		{FFB78E3F-669E-4325-9455-7B6909C767CA}.Debug|x86.ActiveCfg = Debug|Win32
		{FFB78E3F-669E-4325-9455-7B6909C767CA}.Debug|x86.Build.0 = Debug|Win32
		{FFB78E3F-669E-4325-9455-7B6909C767CA}.Release|x64.ActiveCfg = Release|x64
		{FFB78E3F-669E-4325-9455-7B6909C767CA}.Release|x64.Build.0 = Release|x64
		{FFB78E3F-669E-4325-9455-7B6909C767CA}.Release|x86.ActiveCfg = Release|Win32
		{FFB78E3F-669E-4325-9455-7B6909C767CA}.Release|x86.Build.0 = Release|Win32
		{F4AEDFA7-E684-4644-A768-FC2883440040}.Debug|x64.ActiveCfg = Debug|x64
		{F4AEDFA7-E684-4644-A768-FC2883440040}.Debug|x64.Build.0 = Debug|x64
		{F4AEDFA7-E684-4644-A768-FC2883440040}.Debug|x86.ActiveCfg = Debug|Win32
		{F4AEDFA7-E684-4644-A768-FC2883440040}.Debug|x86.Build.0 = Debug|Win32
		{F4AEDFA7-E684-4644-A768-FC2883440040}.Release|x64.ActiveCfg = Release|x64
		{F4AEDFA7-E684-4644-A768-FC2883440040}.Release|x64.Build.0 = Release|x64
		{F4AEDFA7-E684-4644-A768-FC2883440040}.Release|x86.ActiveCfg = Release|Win32
		{F4AEDFA7-E684-4644-A768-FC2883440040}.Release|x86.Build.0 = Release|Win32
		{DE359A77-91D2-4E4F-B182-64101353F3FE}.Debug|x64.ActiveCfg = Debug|x64
		{DE359A77-91D2-4E4F-B182-64101353F3FE}.Debug|x64.Build.0 = Debug|x64
		{DE359A77-91D2-4E4F-B182-64101353F3FE}.Debug|x86.ActiveCfg = Debug|Win32
		{DE359A77-91D2-4E4F-B182-64101353F3FE}.Debug|x86.Build.0 = Debug|Win32
		{DE359A77-91D2-4E4F-B182-64101353F3FE}.Release|x64.ActiveCfg = Release|x64
		{DE359A77-91D2-4E4F-B182-64101353F3FE}.Release|x64.Build.0 = Release|x64
		{DE359A77-91D2-4E4F-B182-64101353F3FE}.Release|x86.ActiveCfg = Release|Win32
		{DE359A77-91D2-4E4F-B182-64101353F3FE}.Release|x86.Build.0 = Release|Win32
		{78241642-FA4F-477D-AC41-A113074DFD73}.Debug|x64.ActiveCfg = Debug|x64
		{78241642-FA4F-477D-AC41-A113074DFD73}.Debug|x64.Build.0 = Debug|x64
		{78241642-FA4F-477D-AC41-A113074DFD73}.Debug|x86.ActiveCfg = Debug|Win32
		{78241642-FA4F-477D-AC41-A113074DFD73}.Debug|x86.Build.0 = Debug|Win32
		{78241642-FA4F-477D-AC41-A113074DFD73}.Release|x64.ActiveCfg = Release|x64
		{78241642-FA4F-477D-AC41-A113074DFD73}.Release|x64.Build.0 = Release|x64
		{78241642-FA4F-477D-AC41-A113074DFD73}.Release|x86.ActiveCfg = Release|Win32
		{78241642-FA4F-477D-AC41-A113074DFD73}.Release|x86.Build.0 = Release|Win32
		{9630CF9D-EAD0-4002-BFD0-FA51C9E09EA5}.Debug|x64.ActiveCfg = Debug|x64
		{9630CF9D-EAD0-4002-BFD0-FA51C9E09EA5}.Debug|x64.Build.0 = Debug|x64
		{9630CF9D-EAD0-4002-BFD0-FA51C9E09EA5}.Debug|x86.ActiveCfg = Debug|Win32
		{9630CF9D-EAD0-4002-BFD0-FA51C9E09EA5}.Debug|x86.Build.0 = Debug|Win32
		{9630CF9D-EAD0-4002-BFD0-FA51C9E09EA5}.Release|x64.ActiveCfg = Release|x64
		{9630CF9D-EAD0-4002-BFD0-FA51C9E09EA5}.Release|x64.Build.0 = Release|x64
		{9630CF9D-EAD0-4002-BFD0-FA51C9E09EA5}.Release|x86.ActiveCfg = Release|Win32
		{9630CF9D-EAD0-4002-BFD0-FA51C9E09EA5}.Release|x86.Build.0 = Release|Win32
		{614F89A3-9D44-4EFF-B56F-85222EB9A7FD}.Debug|x64.ActiveCfg = Debug|x64
		{614F89A3-9D44-4EFF-B56F-85222EB9A7FD}.Debug|x64.Build.0 = Debug|x64
		{614F89A3-9D44-4EFF-B56F-85222EB9A7FD}.Debug|x86.ActiveCfg = Debug|Win32
		{614F89A3-9D44-4EFF-B56F-85222EB9A7FD}.Debug|x86.Build.0 = Debug|Win32
		{614F89A3-9D44-4EFF-B56F-85222EB9A7FD}.Release|x64.ActiveCfg = Release|x64
		{614F89A3-9D44-4EFF-B56F-85222EB9A7FD}.Release|x64.Build.0 = Release|x64
		{614F89A3-9D44-4EFF-B56F-85222EB9A7FD}.Release|x86.ActiveCfg = Release|Win32
		{614F89A3-9D44-4EFF-B56F-85222EB9A7FD}.Release|x86.Build.0 = Release|Win32
	EndGlobalSection
	GlobalSection(SolutionProperties) = preSolution
		HideSolutionNode = FALSE
	EndGlobalSection
	GlobalSection(ExtensibilityGlobals) = postSolution
		SolutionGuid = {7E3B163A-11C7-4C96-9379-7EF410BF0415}
	EndGlobalSection
EndGlobal
